
Microsoft Visual Studio Solution File, Format Version 12.00
# Visual Studio Version 17
VisualStudioVersion = 17.7.34024.191
MinimumVisualStudioVersion = 10.0.40219.1
Project("{FAE04EC0-301F-11D3-BF4B-00C04F79EFBC}") = "Proje1Portfolio", "Proje1Portfolio.csproj", "{54D3A4C8-5552-4AFE-A0D8-9D764B45EAD9}"
EndProject
Global
	GlobalSection(SolutionConfigurationPlatforms) = preSolution
		Debug|Any CPU = Debug|Any CPU
		Release|Any CPU = Release|Any CPU
	EndGlobalSection
	GlobalSection(ProjectConfigurationPlatforms) = postSolution
		{54D3A4C8-5552-4AFE-A0D8-9D764B45EAD9}.Debug|Any CPU.ActiveCfg = Debug|Any CPU
		{54D3A4C8-5552-4AFE-A0D8-9D764B45EAD9}.Debug|Any CPU.Build.0 = Debug|Any CPU
		{54D3A4C8-5552-4AFE-A0D8-9D764B45EAD9}.Release|Any CPU.ActiveCfg = Release|Any CPU
		{54D3A4C8-5552-4AFE-A0D8-9D764B45EAD9}.Release|Any CPU.Build.0 = Release|Any CPU
	EndGlobalSection
	GlobalSection(SolutionProperties) = preSolution
		HideSolutionNode = FALSE
	EndGlobalSection
	GlobalSection(ExtensibilityGlobals) = postSolution
		SolutionGuid = {D665A58E-580E-4EAE-9BB2-2527E9B03869}
	EndGlobalSection
EndGlobal
